// !$*UTF8*$!
{
	archiveVersion = 1;
	classes = {
	};
	objectVersion = 48;
	objects = {

/* Begin PBXBuildFile section */
		631742782011E85E0085DFE2 /* MovingViewController.m in Sources */ = {isa = PBXBuildFile; fileRef = 631742772011E85E0085DFE2 /* MovingViewController.m */; };
		639B467E201704EA003A423E /* ShaderUtils.m in Sources */ = {isa = PBXBuildFile; fileRef = 639B467D201704EA003A423E /* ShaderUtils.m */; };
		63BC6A9F202AE42B00D3E0D6 /* Resource in Resources */ = {isa = PBXBuildFile; fileRef = 63BC6A9E202AE42B00D3E0D6 /* Resource */; };
		63BC6AA3202AE5CF00D3E0D6 /* RootStyle.m in Sources */ = {isa = PBXBuildFile; fileRef = 63BC6AA2202AE5CF00D3E0D6 /* RootStyle.m */; };
		63BC6AA7202AEA4000D3E0D6 /* MenuView.m in Sources */ = {isa = PBXBuildFile; fileRef = 63BC6AA6202AEA4000D3E0D6 /* MenuView.m */; };
		65344338201239C90091EDCF /* SphereView.m in Sources */ = {isa = PBXBuildFile; fileRef = 65344337201239C90091EDCF /* SphereView.m */; };
		6534433B201241820091EDCF /* yfxSphere.vsh in Resources */ = {isa = PBXBuildFile; fileRef = 6534433A201241820091EDCF /* yfxSphere.vsh */; };
		6534433D201242380091EDCF /* yfxSphere.fsh in Resources */ = {isa = PBXBuildFile; fileRef = 6534433C201242380091EDCF /* yfxSphere.fsh */; };
		65ABCEB2202B3F7700967A3A /* YFXButton.m in Sources */ = {isa = PBXBuildFile; fileRef = 65ABCEB1202B3F7700967A3A /* YFXButton.m */; };
		65B128B720021A6700DB4CB4 /* AppDelegate.m in Sources */ = {isa = PBXBuildFile; fileRef = 65B128B620021A6700DB4CB4 /* AppDelegate.m */; };
		65B128BA20021A6700DB4CB4 /* ViewController.m in Sources */ = {isa = PBXBuildFile; fileRef = 65B128B920021A6700DB4CB4 /* ViewController.m */; };
		65B128BD20021A6700DB4CB4 /* Main.storyboard in Resources */ = {isa = PBXBuildFile; fileRef = 65B128BB20021A6700DB4CB4 /* Main.storyboard */; };
		65B128BF20021A6700DB4CB4 /* Assets.xcassets in Resources */ = {isa = PBXBuildFile; fileRef = 65B128BE20021A6700DB4CB4 /* Assets.xcassets */; };
		65B128C220021A6700DB4CB4 /* LaunchScreen.storyboard in Resources */ = {isa = PBXBuildFile; fileRef = 65B128C020021A6700DB4CB4 /* LaunchScreen.storyboard */; };
		65B128C520021A6700DB4CB4 /* main.m in Sources */ = {isa = PBXBuildFile; fileRef = 65B128C420021A6700DB4CB4 /* main.m */; };
		65B128CF20021A6800DB4CB4 /* izvisualFXTests.m in Sources */ = {isa = PBXBuildFile; fileRef = 65B128CE20021A6800DB4CB4 /* izvisualFXTests.m */; };
		65B128DA20021A6800DB4CB4 /* izvisualFXUITests.m in Sources */ = {isa = PBXBuildFile; fileRef = 65B128D920021A6800DB4CB4 /* izvisualFXUITests.m */; };
		65B128F320021B0A00DB4CB4 /* UIColor+FX.m in Sources */ = {isa = PBXBuildFile; fileRef = 65B128E820021B0900DB4CB4 /* UIColor+FX.m */; };
		65B128F420021B0A00DB4CB4 /* YFX.m in Sources */ = {isa = PBXBuildFile; fileRef = 65B128EC20021B0900DB4CB4 /* YFX.m */; };
		65B128F520021B0A00DB4CB4 /* YFXSnow.m in Sources */ = {isa = PBXBuildFile; fileRef = 65B128F020021B0A00DB4CB4 /* YFXSnow.m */; };
		65B4B8FB2018D60800F5AF63 /* Earth.png in Resources */ = {isa = PBXBuildFile; fileRef = 65B4B8FA2018D60700F5AF63 /* Earth.png */; };
		65C2A1AC201C566B004A4F62 /* SphereGird.m in Sources */ = {isa = PBXBuildFile; fileRef = 65C2A1AB201C566B004A4F62 /* SphereGird.m */; };
		65C2A1B4201CB8B8004A4F62 /* YFXOctopus.m in Sources */ = {isa = PBXBuildFile; fileRef = 65C2A1B3201CB8B8004A4F62 /* YFXOctopus.m */; };
		65C2A1B7201CB8D3004A4F62 /* YFXFireFly.m in Sources */ = {isa = PBXBuildFile; fileRef = 65C2A1B6201CB8D3004A4F62 /* YFXFireFly.m */; };
		65C2A1BA201CC130004A4F62 /* YFXHouseBounceView.m in Sources */ = {isa = PBXBuildFile; fileRef = 65C2A1B9201CC130004A4F62 /* YFXHouseBounceView.m */; };
		65C2A1C0201CC379004A4F62 /* YFXFlowerPowerDoubled.m in Sources */ = {isa = PBXBuildFile; fileRef = 65C2A1BF201CC379004A4F62 /* YFXFlowerPowerDoubled.m */; };
		65C2A1C3201CC3C1004A4F62 /* YFXPinCircleSwirl.m in Sources */ = {isa = PBXBuildFile; fileRef = 65C2A1C2201CC3C1004A4F62 /* YFXPinCircleSwirl.m */; };
		65C2A1C6201CC428004A4F62 /* YFXTwistedAlchemy.m in Sources */ = {isa = PBXBuildFile; fileRef = 65C2A1C5201CC428004A4F62 /* YFXTwistedAlchemy.m */; };
		65C2A1C9201CC48E004A4F62 /* YFXLiquidJewel.m in Sources */ = {isa = PBXBuildFile; fileRef = 65C2A1C8201CC48E004A4F62 /* YFXLiquidJewel.m */; };
		65C2A1CC201CC4D5004A4F62 /* YFXTherapy.m in Sources */ = {isa = PBXBuildFile; fileRef = 65C2A1CB201CC4D5004A4F62 /* YFXTherapy.m */; };
		65DB5449200F85AC00F13399 /* AnimateViewController.m in Sources */ = {isa = PBXBuildFile; fileRef = 65DB5448200F85AC00F13399 /* AnimateViewController.m */; };
		65E36BC2200A0E130053F984 /* DrawBoard.m in Sources */ = {isa = PBXBuildFile; fileRef = 65E36BC1200A0E130053F984 /* DrawBoard.m */; };
		65E36BC5200A0EB70053F984 /* CoreGraphics.framework in Frameworks */ = {isa = PBXBuildFile; fileRef = 65E36BC4200A0EB70053F984 /* CoreGraphics.framework */; };
		65E6D37320289080003F46C2 /* YFResourceManager.m in Sources */ = {isa = PBXBuildFile; fileRef = 65E6D37220289080003F46C2 /* YFResourceManager.m */; };
		65F5DE382014AE7600489DEF /* YFXMatrix.m in Sources */ = {isa = PBXBuildFile; fileRef = 65F5DE372014AE7600489DEF /* YFXMatrix.m */; };
		65FAA176200B43E700BEFAF8 /* YFXFlyBubble.m in Sources */ = {isa = PBXBuildFile; fileRef = 65FAA175200B43E700BEFAF8 /* YFXFlyBubble.m */; };
		65FAA179200B4C6900BEFAF8 /* DemoViewController.m in Sources */ = {isa = PBXBuildFile; fileRef = 65FAA178200B4C6900BEFAF8 /* DemoViewController.m */; };
		65FAA17C200B4C8800BEFAF8 /* TestViewController.m in Sources */ = {isa = PBXBuildFile; fileRef = 65FAA17B200B4C8800BEFAF8 /* TestViewController.m */; };
/* End PBXBuildFile section */

/* Begin PBXContainerItemProxy section */
		65B128CB20021A6800DB4CB4 /* PBXContainerItemProxy */ = {
			isa = PBXContainerItemProxy;
			containerPortal = 65B128AA20021A6700DB4CB4 /* Project object */;
			proxyType = 1;
			remoteGlobalIDString = 65B128B120021A6700DB4CB4;
			remoteInfo = izvisualFX;
		};
		65B128D620021A6800DB4CB4 /* PBXContainerItemProxy */ = {
			isa = PBXContainerItemProxy;
			containerPortal = 65B128AA20021A6700DB4CB4 /* Project object */;
			proxyType = 1;
			remoteGlobalIDString = 65B128B120021A6700DB4CB4;
			remoteInfo = izvisualFX;
		};
/* End PBXContainerItemProxy section */

/* Begin PBXFileReference section */
		631742762011E85E0085DFE2 /* MovingViewController.h */ = {isa = PBXFileReference; lastKnownFileType = sourcecode.c.h; path = MovingViewController.h; sourceTree = "<group>"; };
		631742772011E85E0085DFE2 /* MovingViewController.m */ = {isa = PBXFileReference; lastKnownFileType = sourcecode.c.objc; path = MovingViewController.m; sourceTree = "<group>"; };
		639B467C201704E9003A423E /* ShaderUtils.h */ = {isa = PBXFileReference; lastKnownFileType = sourcecode.c.h; path = ShaderUtils.h; sourceTree = "<group>"; };
		639B467D201704EA003A423E /* ShaderUtils.m */ = {isa = PBXFileReference; lastKnownFileType = sourcecode.c.objc; path = ShaderUtils.m; sourceTree = "<group>"; };
		63BC6A9E202AE42B00D3E0D6 /* Resource */ = {isa = PBXFileReference; lastKnownFileType = folder; path = Resource; sourceTree = "<group>"; };
		63BC6AA1202AE5CF00D3E0D6 /* RootStyle.h */ = {isa = PBXFileReference; lastKnownFileType = sourcecode.c.h; path = RootStyle.h; sourceTree = "<group>"; };
		63BC6AA2202AE5CF00D3E0D6 /* RootStyle.m */ = {isa = PBXFileReference; lastKnownFileType = sourcecode.c.objc; path = RootStyle.m; sourceTree = "<group>"; };
		63BC6AA5202AEA4000D3E0D6 /* MenuView.h */ = {isa = PBXFileReference; lastKnownFileType = sourcecode.c.h; path = MenuView.h; sourceTree = "<group>"; };
		63BC6AA6202AEA4000D3E0D6 /* MenuView.m */ = {isa = PBXFileReference; lastKnownFileType = sourcecode.c.objc; path = MenuView.m; sourceTree = "<group>"; };
		653443352012394B0091EDCF /* 3DView.h */ = {isa = PBXFileReference; lastKnownFileType = sourcecode.c.h; path = 3DView.h; sourceTree = "<group>"; };
		65344336201239C90091EDCF /* SphereView.h */ = {isa = PBXFileReference; lastKnownFileType = sourcecode.c.h; path = SphereView.h; sourceTree = "<group>"; };
		65344337201239C90091EDCF /* SphereView.m */ = {isa = PBXFileReference; lastKnownFileType = sourcecode.c.objc; path = SphereView.m; sourceTree = "<group>"; };
		6534433A201241820091EDCF /* yfxSphere.vsh */ = {isa = PBXFileReference; lastKnownFileType = sourcecode.glsl; path = yfxSphere.vsh; sourceTree = "<group>"; };
		6534433C201242380091EDCF /* yfxSphere.fsh */ = {isa = PBXFileReference; lastKnownFileType = sourcecode.glsl; path = yfxSphere.fsh; sourceTree = "<group>"; };
		65ABCEB0202B3F7700967A3A /* YFXButton.h */ = {isa = PBXFileReference; lastKnownFileType = sourcecode.c.h; path = YFXButton.h; sourceTree = "<group>"; };
		65ABCEB1202B3F7700967A3A /* YFXButton.m */ = {isa = PBXFileReference; lastKnownFileType = sourcecode.c.objc; path = YFXButton.m; sourceTree = "<group>"; };
		65B128B220021A6700DB4CB4 /* izvisualFX.app */ = {isa = PBXFileReference; explicitFileType = wrapper.application; includeInIndex = 0; path = izvisualFX.app; sourceTree = BUILT_PRODUCTS_DIR; };
		65B128B520021A6700DB4CB4 /* AppDelegate.h */ = {isa = PBXFileReference; lastKnownFileType = sourcecode.c.h; path = AppDelegate.h; sourceTree = "<group>"; };
		65B128B620021A6700DB4CB4 /* AppDelegate.m */ = {isa = PBXFileReference; lastKnownFileType = sourcecode.c.objc; path = AppDelegate.m; sourceTree = "<group>"; };
		65B128B820021A6700DB4CB4 /* ViewController.h */ = {isa = PBXFileReference; lastKnownFileType = sourcecode.c.h; path = ViewController.h; sourceTree = "<group>"; };
		65B128B920021A6700DB4CB4 /* ViewController.m */ = {isa = PBXFileReference; lastKnownFileType = sourcecode.c.objc; path = ViewController.m; sourceTree = "<group>"; };
		65B128BC20021A6700DB4CB4 /* Base */ = {isa = PBXFileReference; lastKnownFileType = file.storyboard; name = Base; path = Base.lproj/Main.storyboard; sourceTree = "<group>"; };
		65B128BE20021A6700DB4CB4 /* Assets.xcassets */ = {isa = PBXFileReference; lastKnownFileType = folder.assetcatalog; path = Assets.xcassets; sourceTree = "<group>"; };
		65B128C120021A6700DB4CB4 /* Base */ = {isa = PBXFileReference; lastKnownFileType = file.storyboard; name = Base; path = Base.lproj/LaunchScreen.storyboard; sourceTree = "<group>"; };
		65B128C320021A6700DB4CB4 /* Info.plist */ = {isa = PBXFileReference; lastKnownFileType = text.plist.xml; path = Info.plist; sourceTree = "<group>"; };
		65B128C420021A6700DB4CB4 /* main.m */ = {isa = PBXFileReference; lastKnownFileType = sourcecode.c.objc; path = main.m; sourceTree = "<group>"; };
		65B128CA20021A6800DB4CB4 /* izvisualFXTests.xctest */ = {isa = PBXFileReference; explicitFileType = wrapper.cfbundle; includeInIndex = 0; path = izvisualFXTests.xctest; sourceTree = BUILT_PRODUCTS_DIR; };
		65B128CE20021A6800DB4CB4 /* izvisualFXTests.m */ = {isa = PBXFileReference; lastKnownFileType = sourcecode.c.objc; path = izvisualFXTests.m; sourceTree = "<group>"; };
		65B128D020021A6800DB4CB4 /* Info.plist */ = {isa = PBXFileReference; lastKnownFileType = text.plist.xml; path = Info.plist; sourceTree = "<group>"; };
		65B128D520021A6800DB4CB4 /* izvisualFXUITests.xctest */ = {isa = PBXFileReference; explicitFileType = wrapper.cfbundle; includeInIndex = 0; path = izvisualFXUITests.xctest; sourceTree = BUILT_PRODUCTS_DIR; };
		65B128D920021A6800DB4CB4 /* izvisualFXUITests.m */ = {isa = PBXFileReference; lastKnownFileType = sourcecode.c.objc; path = izvisualFXUITests.m; sourceTree = "<group>"; };
		65B128DB20021A6800DB4CB4 /* Info.plist */ = {isa = PBXFileReference; lastKnownFileType = text.plist.xml; path = Info.plist; sourceTree = "<group>"; };
		65B128E820021B0900DB4CB4 /* UIColor+FX.m */ = {isa = PBXFileReference; fileEncoding = 4; lastKnownFileType = sourcecode.c.objc; path = "UIColor+FX.m"; sourceTree = "<group>"; };
		65B128E920021B0900DB4CB4 /* Utils.h */ = {isa = PBXFileReference; fileEncoding = 4; lastKnownFileType = sourcecode.c.h; path = Utils.h; sourceTree = "<group>"; };
		65B128EA20021B0900DB4CB4 /* YFX.h */ = {isa = PBXFileReference; fileEncoding = 4; lastKnownFileType = sourcecode.c.h; path = YFX.h; sourceTree = "<group>"; };
		65B128EB20021B0900DB4CB4 /* UIColor+FX.h */ = {isa = PBXFileReference; fileEncoding = 4; lastKnownFileType = sourcecode.c.h; path = "UIColor+FX.h"; sourceTree = "<group>"; };
		65B128EC20021B0900DB4CB4 /* YFX.m */ = {isa = PBXFileReference; fileEncoding = 4; lastKnownFileType = sourcecode.c.objc; path = YFX.m; sourceTree = "<group>"; };
		65B128ED20021B0900DB4CB4 /* VisualizationFX.h */ = {isa = PBXFileReference; fileEncoding = 4; lastKnownFileType = sourcecode.c.h; path = VisualizationFX.h; sourceTree = "<group>"; };
		65B128EF20021B0A00DB4CB4 /* YFXSnow.h */ = {isa = PBXFileReference; fileEncoding = 4; lastKnownFileType = sourcecode.c.h; path = YFXSnow.h; sourceTree = "<group>"; };
		65B128F020021B0A00DB4CB4 /* YFXSnow.m */ = {isa = PBXFileReference; fileEncoding = 4; lastKnownFileType = sourcecode.c.objc; path = YFXSnow.m; sourceTree = "<group>"; };
		65B128F120021B0A00DB4CB4 /* 2DView.h */ = {isa = PBXFileReference; fileEncoding = 4; lastKnownFileType = sourcecode.c.h; path = 2DView.h; sourceTree = "<group>"; };
		65B4B8FA2018D60700F5AF63 /* Earth.png */ = {isa = PBXFileReference; lastKnownFileType = image.png; path = Earth.png; sourceTree = "<group>"; };
		65C2A1AA201C566B004A4F62 /* SphereGird.h */ = {isa = PBXFileReference; lastKnownFileType = sourcecode.c.h; path = SphereGird.h; sourceTree = "<group>"; };
		65C2A1AB201C566B004A4F62 /* SphereGird.m */ = {isa = PBXFileReference; lastKnownFileType = sourcecode.c.objc; path = SphereGird.m; sourceTree = "<group>"; };
		65C2A1B2201CB8B8004A4F62 /* YFXOctopus.h */ = {isa = PBXFileReference; lastKnownFileType = sourcecode.c.h; path = YFXOctopus.h; sourceTree = "<group>"; };
		65C2A1B3201CB8B8004A4F62 /* YFXOctopus.m */ = {isa = PBXFileReference; lastKnownFileType = sourcecode.c.objc; path = YFXOctopus.m; sourceTree = "<group>"; };
		65C2A1B5201CB8D3004A4F62 /* YFXFireFly.h */ = {isa = PBXFileReference; lastKnownFileType = sourcecode.c.h; path = YFXFireFly.h; sourceTree = "<group>"; };
		65C2A1B6201CB8D3004A4F62 /* YFXFireFly.m */ = {isa = PBXFileReference; lastKnownFileType = sourcecode.c.objc; path = YFXFireFly.m; sourceTree = "<group>"; };
		65C2A1B8201CC130004A4F62 /* YFXHouseBounceView.h */ = {isa = PBXFileReference; lastKnownFileType = sourcecode.c.h; path = YFXHouseBounceView.h; sourceTree = "<group>"; };
		65C2A1B9201CC130004A4F62 /* YFXHouseBounceView.m */ = {isa = PBXFileReference; lastKnownFileType = sourcecode.c.objc; path = YFXHouseBounceView.m; sourceTree = "<group>"; };
		65C2A1BE201CC379004A4F62 /* YFXFlowerPowerDoubled.h */ = {isa = PBXFileReference; lastKnownFileType = sourcecode.c.h; path = YFXFlowerPowerDoubled.h; sourceTree = "<group>"; };
		65C2A1BF201CC379004A4F62 /* YFXFlowerPowerDoubled.m */ = {isa = PBXFileReference; lastKnownFileType = sourcecode.c.objc; path = YFXFlowerPowerDoubled.m; sourceTree = "<group>"; };
		65C2A1C1201CC3C1004A4F62 /* YFXPinCircleSwirl.h */ = {isa = PBXFileReference; lastKnownFileType = sourcecode.c.h; path = YFXPinCircleSwirl.h; sourceTree = "<group>"; };
		65C2A1C2201CC3C1004A4F62 /* YFXPinCircleSwirl.m */ = {isa = PBXFileReference; lastKnownFileType = sourcecode.c.objc; path = YFXPinCircleSwirl.m; sourceTree = "<group>"; };
		65C2A1C4201CC428004A4F62 /* YFXTwistedAlchemy.h */ = {isa = PBXFileReference; lastKnownFileType = sourcecode.c.h; path = YFXTwistedAlchemy.h; sourceTree = "<group>"; };
		65C2A1C5201CC428004A4F62 /* YFXTwistedAlchemy.m */ = {isa = PBXFileReference; lastKnownFileType = sourcecode.c.objc; path = YFXTwistedAlchemy.m; sourceTree = "<group>"; };
		65C2A1C7201CC48E004A4F62 /* YFXLiquidJewel.h */ = {isa = PBXFileReference; lastKnownFileType = sourcecode.c.h; path = YFXLiquidJewel.h; sourceTree = "<group>"; };
		65C2A1C8201CC48E004A4F62 /* YFXLiquidJewel.m */ = {isa = PBXFileReference; lastKnownFileType = sourcecode.c.objc; path = YFXLiquidJewel.m; sourceTree = "<group>"; };
		65C2A1CA201CC4D5004A4F62 /* YFXTherapy.h */ = {isa = PBXFileReference; lastKnownFileType = sourcecode.c.h; path = YFXTherapy.h; sourceTree = "<group>"; };
		65C2A1CB201CC4D5004A4F62 /* YFXTherapy.m */ = {isa = PBXFileReference; lastKnownFileType = sourcecode.c.objc; path = YFXTherapy.m; sourceTree = "<group>"; };
		65DB5447200F85AC00F13399 /* AnimateViewController.h */ = {isa = PBXFileReference; lastKnownFileType = sourcecode.c.h; path = AnimateViewController.h; sourceTree = "<group>"; };
		65DB5448200F85AC00F13399 /* AnimateViewController.m */ = {isa = PBXFileReference; lastKnownFileType = sourcecode.c.objc; path = AnimateViewController.m; sourceTree = "<group>"; };
		65E36BC0200A0E130053F984 /* DrawBoard.h */ = {isa = PBXFileReference; lastKnownFileType = sourcecode.c.h; path = DrawBoard.h; sourceTree = "<group>"; };
		65E36BC1200A0E130053F984 /* DrawBoard.m */ = {isa = PBXFileReference; lastKnownFileType = sourcecode.c.objc; path = DrawBoard.m; sourceTree = "<group>"; };
		65E36BC4200A0EB70053F984 /* CoreGraphics.framework */ = {isa = PBXFileReference; lastKnownFileType = wrapper.framework; name = CoreGraphics.framework; path = System/Library/Frameworks/CoreGraphics.framework; sourceTree = SDKROOT; };
		65E6D37120289080003F46C2 /* YFResourceManager.h */ = {isa = PBXFileReference; lastKnownFileType = sourcecode.c.h; path = YFResourceManager.h; sourceTree = "<group>"; };
		65E6D37220289080003F46C2 /* YFResourceManager.m */ = {isa = PBXFileReference; lastKnownFileType = sourcecode.c.objc; path = YFResourceManager.m; sourceTree = "<group>"; };
		65F5DE362014AE7600489DEF /* YFXMatrix.h */ = {isa = PBXFileReference; lastKnownFileType = sourcecode.c.h; path = YFXMatrix.h; sourceTree = "<group>"; };
		65F5DE372014AE7600489DEF /* YFXMatrix.m */ = {isa = PBXFileReference; lastKnownFileType = sourcecode.c.objc; path = YFXMatrix.m; sourceTree = "<group>"; };
		65FAA174200B43E700BEFAF8 /* YFXFlyBubble.h */ = {isa = PBXFileReference; lastKnownFileType = sourcecode.c.h; path = YFXFlyBubble.h; sourceTree = "<group>"; };
		65FAA175200B43E700BEFAF8 /* YFXFlyBubble.m */ = {isa = PBXFileReference; lastKnownFileType = sourcecode.c.objc; path = YFXFlyBubble.m; sourceTree = "<group>"; };
		65FAA177200B4C6900BEFAF8 /* DemoViewController.h */ = {isa = PBXFileReference; lastKnownFileType = sourcecode.c.h; path = DemoViewController.h; sourceTree = "<group>"; };
		65FAA178200B4C6900BEFAF8 /* DemoViewController.m */ = {isa = PBXFileReference; lastKnownFileType = sourcecode.c.objc; path = DemoViewController.m; sourceTree = "<group>"; };
		65FAA17A200B4C8800BEFAF8 /* TestViewController.h */ = {isa = PBXFileReference; lastKnownFileType = sourcecode.c.h; path = TestViewController.h; sourceTree = "<group>"; };
		65FAA17B200B4C8800BEFAF8 /* TestViewController.m */ = {isa = PBXFileReference; lastKnownFileType = sourcecode.c.objc; path = TestViewController.m; sourceTree = "<group>"; };
/* End PBXFileReference section */

/* Begin PBXFrameworksBuildPhase section */
		65B128AF20021A6700DB4CB4 /* Frameworks */ = {
			isa = PBXFrameworksBuildPhase;
			buildActionMask = 2147483647;
			files = (
				65E36BC5200A0EB70053F984 /* CoreGraphics.framework in Frameworks */,
			);
			runOnlyForDeploymentPostprocessing = 0;
		};
		65B128C720021A6800DB4CB4 /* Frameworks */ = {
			isa = PBXFrameworksBuildPhase;
			buildActionMask = 2147483647;
			files = (
			);
			runOnlyForDeploymentPostprocessing = 0;
		};
		65B128D220021A6800DB4CB4 /* Frameworks */ = {
			isa = PBXFrameworksBuildPhase;
			buildActionMask = 2147483647;
			files = (
			);
			runOnlyForDeploymentPostprocessing = 0;
		};
/* End PBXFrameworksBuildPhase section */

/* Begin PBXGroup section */
		631742752011E8150085DFE2 /* Controller */ = {
			isa = PBXGroup;
			children = (
				65FAA177200B4C6900BEFAF8 /* DemoViewController.h */,
				65FAA178200B4C6900BEFAF8 /* DemoViewController.m */,
				65FAA17A200B4C8800BEFAF8 /* TestViewController.h */,
				65FAA17B200B4C8800BEFAF8 /* TestViewController.m */,
				65DB5447200F85AC00F13399 /* AnimateViewController.h */,
				65DB5448200F85AC00F13399 /* AnimateViewController.m */,
				631742762011E85E0085DFE2 /* MovingViewController.h */,
				631742772011E85E0085DFE2 /* MovingViewController.m */,
			);
			path = Controller;
			sourceTree = "<group>";
		};
		63BC6AA0202AE5A300D3E0D6 /* Style */ = {
			isa = PBXGroup;
			children = (
				63BC6AA1202AE5CF00D3E0D6 /* RootStyle.h */,
				63BC6AA2202AE5CF00D3E0D6 /* RootStyle.m */,
			);
			path = Style;
			sourceTree = "<group>";
		};
		63BC6AA4202AEA2200D3E0D6 /* View */ = {
			isa = PBXGroup;
			children = (
				63BC6AA5202AEA4000D3E0D6 /* MenuView.h */,
				63BC6AA6202AEA4000D3E0D6 /* MenuView.m */,
				65ABCEB0202B3F7700967A3A /* YFXButton.h */,
				65ABCEB1202B3F7700967A3A /* YFXButton.m */,
			);
			path = View;
			sourceTree = "<group>";
		};
		653443392012412D0091EDCF /* Shader */ = {
			isa = PBXGroup;
			children = (
				65B4B8FA2018D60700F5AF63 /* Earth.png */,
				6534433A201241820091EDCF /* yfxSphere.vsh */,
				6534433C201242380091EDCF /* yfxSphere.fsh */,
			);
			path = Shader;
			sourceTree = "<group>";
		};
		65B128A920021A6700DB4CB4 = {
			isa = PBXGroup;
			children = (
				65B128B420021A6700DB4CB4 /* izvisualFX */,
				65B128CD20021A6800DB4CB4 /* izvisualFXTests */,
				65B128D820021A6800DB4CB4 /* izvisualFXUITests */,
				65B128B320021A6700DB4CB4 /* Products */,
				65E36BC3200A0EB70053F984 /* Frameworks */,
			);
			sourceTree = "<group>";
		};
		65B128B320021A6700DB4CB4 /* Products */ = {
			isa = PBXGroup;
			children = (
				65B128B220021A6700DB4CB4 /* izvisualFX.app */,
				65B128CA20021A6800DB4CB4 /* izvisualFXTests.xctest */,
				65B128D520021A6800DB4CB4 /* izvisualFXUITests.xctest */,
			);
			name = Products;
			sourceTree = "<group>";
		};
		65B128B420021A6700DB4CB4 /* izvisualFX */ = {
			isa = PBXGroup;
			children = (
				65B128ED20021B0900DB4CB4 /* VisualizationFX.h */,
				63BC6AA4202AEA2200D3E0D6 /* View */,
				63BC6AA0202AE5A300D3E0D6 /* Style */,
				63BC6A9E202AE42B00D3E0D6 /* Resource */,
				653443392012412D0091EDCF /* Shader */,
				65B128EE20021B0A00DB4CB4 /* 2D */,
				65B128F220021B0A00DB4CB4 /* 3D */,
				65B128E720021B0900DB4CB4 /* Utils */,
				65FAA17D200B4C9300BEFAF8 /* Main */,
				65B128BB20021A6700DB4CB4 /* Main.storyboard */,
				65B128BE20021A6700DB4CB4 /* Assets.xcassets */,
				65B128C020021A6700DB4CB4 /* LaunchScreen.storyboard */,
				65B128C320021A6700DB4CB4 /* Info.plist */,
				65B128C420021A6700DB4CB4 /* main.m */,
			);
			path = izvisualFX;
			sourceTree = "<group>";
		};
		65B128CD20021A6800DB4CB4 /* izvisualFXTests */ = {
			isa = PBXGroup;
			children = (
				65B128CE20021A6800DB4CB4 /* izvisualFXTests.m */,
				65B128D020021A6800DB4CB4 /* Info.plist */,
			);
			path = izvisualFXTests;
			sourceTree = "<group>";
		};
		65B128D820021A6800DB4CB4 /* izvisualFXUITests */ = {
			isa = PBXGroup;
			children = (
				65B128D920021A6800DB4CB4 /* izvisualFXUITests.m */,
				65B128DB20021A6800DB4CB4 /* Info.plist */,
			);
			path = izvisualFXUITests;
			sourceTree = "<group>";
		};
		65B128E720021B0900DB4CB4 /* Utils */ = {
			isa = PBXGroup;
			children = (
				65B128E820021B0900DB4CB4 /* UIColor+FX.m */,
				65B128EB20021B0900DB4CB4 /* UIColor+FX.h */,
				65B128EA20021B0900DB4CB4 /* YFX.h */,
				65B128EC20021B0900DB4CB4 /* YFX.m */,
				65B128E920021B0900DB4CB4 /* Utils.h */,
				65F5DE362014AE7600489DEF /* YFXMatrix.h */,
				65F5DE372014AE7600489DEF /* YFXMatrix.m */,
				639B467C201704E9003A423E /* ShaderUtils.h */,
				639B467D201704EA003A423E /* ShaderUtils.m */,
				65E6D37120289080003F46C2 /* YFResourceManager.h */,
				65E6D37220289080003F46C2 /* YFResourceManager.m */,
			);
			path = Utils;
			sourceTree = "<group>";
		};
		65B128EE20021B0A00DB4CB4 /* 2D */ = {
			isa = PBXGroup;
			children = (
				65B128F120021B0A00DB4CB4 /* 2DView.h */,
				65B128EF20021B0A00DB4CB4 /* YFXSnow.h */,
				65B128F020021B0A00DB4CB4 /* YFXSnow.m */,
				65E36BC0200A0E130053F984 /* DrawBoard.h */,
				65E36BC1200A0E130053F984 /* DrawBoard.m */,
				65FAA174200B43E700BEFAF8 /* YFXFlyBubble.h */,
				65FAA175200B43E700BEFAF8 /* YFXFlyBubble.m */,
				65C2A1B2201CB8B8004A4F62 /* YFXOctopus.h */,
				65C2A1B3201CB8B8004A4F62 /* YFXOctopus.m */,
				65C2A1B5201CB8D3004A4F62 /* YFXFireFly.h */,
				65C2A1B6201CB8D3004A4F62 /* YFXFireFly.m */,
				65C2A1B8201CC130004A4F62 /* YFXHouseBounceView.h */,
				65C2A1B9201CC130004A4F62 /* YFXHouseBounceView.m */,
				65C2A1BE201CC379004A4F62 /* YFXFlowerPowerDoubled.h */,
				65C2A1BF201CC379004A4F62 /* YFXFlowerPowerDoubled.m */,
				65C2A1C1201CC3C1004A4F62 /* YFXPinCircleSwirl.h */,
				65C2A1C2201CC3C1004A4F62 /* YFXPinCircleSwirl.m */,
				65C2A1C4201CC428004A4F62 /* YFXTwistedAlchemy.h */,
				65C2A1C5201CC428004A4F62 /* YFXTwistedAlchemy.m */,
				65C2A1C7201CC48E004A4F62 /* YFXLiquidJewel.h */,
				65C2A1C8201CC48E004A4F62 /* YFXLiquidJewel.m */,
				65C2A1CA201CC4D5004A4F62 /* YFXTherapy.h */,
				65C2A1CB201CC4D5004A4F62 /* YFXTherapy.m */,
			);
			path = 2D;
			sourceTree = "<group>";
		};
		65B128F220021B0A00DB4CB4 /* 3D */ = {
			isa = PBXGroup;
			children = (
				653443352012394B0091EDCF /* 3DView.h */,
				65344336201239C90091EDCF /* SphereView.h */,
				65344337201239C90091EDCF /* SphereView.m */,
				65C2A1AA201C566B004A4F62 /* SphereGird.h */,
				65C2A1AB201C566B004A4F62 /* SphereGird.m */,
			);
			path = 3D;
			sourceTree = "<group>";
		};
		65E36BC3200A0EB70053F984 /* Frameworks */ = {
			isa = PBXGroup;
			children = (
				65E36BC4200A0EB70053F984 /* CoreGraphics.framework */,
			);
			name = Frameworks;
			sourceTree = "<group>";
		};
		65FAA17D200B4C9300BEFAF8 /* Main */ = {
			isa = PBXGroup;
			children = (
				65B128B520021A6700DB4CB4 /* AppDelegate.h */,
				65B128B620021A6700DB4CB4 /* AppDelegate.m */,
				65B128B820021A6700DB4CB4 /* ViewController.h */,
				65B128B920021A6700DB4CB4 /* ViewController.m */,
				631742752011E8150085DFE2 /* Controller */,
			);
			path = Main;
			sourceTree = "<group>";
		};
/* End PBXGroup section */

/* Begin PBXNativeTarget section */
		65B128B120021A6700DB4CB4 /* izvisualFX */ = {
			isa = PBXNativeTarget;
			buildConfigurationList = 65B128DE20021A6800DB4CB4 /* Build configuration list for PBXNativeTarget "izvisualFX" */;
			buildPhases = (
				65B128AE20021A6700DB4CB4 /* Sources */,
				65B128AF20021A6700DB4CB4 /* Frameworks */,
				65B128B020021A6700DB4CB4 /* Resources */,
			);
			buildRules = (
			);
			dependencies = (
			);
			name = izvisualFX;
			productName = izvisualFX;
			productReference = 65B128B220021A6700DB4CB4 /* izvisualFX.app */;
			productType = "com.apple.product-type.application";
		};
		65B128C920021A6800DB4CB4 /* izvisualFXTests */ = {
			isa = PBXNativeTarget;
			buildConfigurationList = 65B128E120021A6800DB4CB4 /* Build configuration list for PBXNativeTarget "izvisualFXTests" */;
			buildPhases = (
				65B128C620021A6800DB4CB4 /* Sources */,
				65B128C720021A6800DB4CB4 /* Frameworks */,
				65B128C820021A6800DB4CB4 /* Resources */,
			);
			buildRules = (
			);
			dependencies = (
				65B128CC20021A6800DB4CB4 /* PBXTargetDependency */,
			);
			name = izvisualFXTests;
			productName = izvisualFXTests;
			productReference = 65B128CA20021A6800DB4CB4 /* izvisualFXTests.xctest */;
			productType = "com.apple.product-type.bundle.unit-test";
		};
		65B128D420021A6800DB4CB4 /* izvisualFXUITests */ = {
			isa = PBXNativeTarget;
			buildConfigurationList = 65B128E420021A6800DB4CB4 /* Build configuration list for PBXNativeTarget "izvisualFXUITests" */;
			buildPhases = (
				65B128D120021A6800DB4CB4 /* Sources */,
				65B128D220021A6800DB4CB4 /* Frameworks */,
				65B128D320021A6800DB4CB4 /* Resources */,
			);
			buildRules = (
			);
			dependencies = (
				65B128D720021A6800DB4CB4 /* PBXTargetDependency */,
			);
			name = izvisualFXUITests;
			productName = izvisualFXUITests;
			productReference = 65B128D520021A6800DB4CB4 /* izvisualFXUITests.xctest */;
			productType = "com.apple.product-type.bundle.ui-testing";
		};
/* End PBXNativeTarget section */

/* Begin PBXProject section */
		65B128AA20021A6700DB4CB4 /* Project object */ = {
			isa = PBXProject;
			attributes = {
				LastUpgradeCheck = 0920;
				ORGANIZATIONNAME = "Le Viet Quang";
				TargetAttributes = {
					65B128B120021A6700DB4CB4 = {
						CreatedOnToolsVersion = 9.2;
						ProvisioningStyle = Automatic;
					};
					65B128C920021A6800DB4CB4 = {
						CreatedOnToolsVersion = 9.2;
						ProvisioningStyle = Automatic;
						TestTargetID = 65B128B120021A6700DB4CB4;
					};
					65B128D420021A6800DB4CB4 = {
						CreatedOnToolsVersion = 9.2;
						ProvisioningStyle = Automatic;
						TestTargetID = 65B128B120021A6700DB4CB4;
					};
				};
			};
			buildConfigurationList = 65B128AD20021A6700DB4CB4 /* Build configuration list for PBXProject "izvisualFX" */;
			compatibilityVersion = "Xcode 8.0";
			developmentRegion = en;
			hasScannedForEncodings = 0;
			knownRegions = (
				en,
				Base,
			);
			mainGroup = 65B128A920021A6700DB4CB4;
			productRefGroup = 65B128B320021A6700DB4CB4 /* Products */;
			projectDirPath = "";
			projectRoot = "";
			targets = (
				65B128B120021A6700DB4CB4 /* izvisualFX */,
				65B128C920021A6800DB4CB4 /* izvisualFXTests */,
				65B128D420021A6800DB4CB4 /* izvisualFXUITests */,
			);
		};
/* End PBXProject section */

/* Begin PBXResourcesBuildPhase section */
		65B128B020021A6700DB4CB4 /* Resources */ = {
			isa = PBXResourcesBuildPhase;
			buildActionMask = 2147483647;
			files = (
				65B4B8FB2018D60800F5AF63 /* Earth.png in Resources */,
				6534433D201242380091EDCF /* yfxSphere.fsh in Resources */,
				65B128C220021A6700DB4CB4 /* LaunchScreen.storyboard in Resources */,
				63BC6A9F202AE42B00D3E0D6 /* Resource in Resources */,
				65B128BF20021A6700DB4CB4 /* Assets.xcassets in Resources */,
				6534433B201241820091EDCF /* yfxSphere.vsh in Resources */,
				65B128BD20021A6700DB4CB4 /* Main.storyboard in Resources */,
			);
			runOnlyForDeploymentPostprocessing = 0;
		};
		65B128C820021A6800DB4CB4 /* Resources */ = {
			isa = PBXResourcesBuildPhase;
			buildActionMask = 2147483647;
			files = (
			);
			runOnlyForDeploymentPostprocessing = 0;
		};
		65B128D320021A6800DB4CB4 /* Resources */ = {
			isa = PBXResourcesBuildPhase;
			buildActionMask = 2147483647;
			files = (
			);
			runOnlyForDeploymentPostprocessing = 0;
		};
/* End PBXResourcesBuildPhase section */

/* Begin PBXSourcesBuildPhase section */
		65B128AE20021A6700DB4CB4 /* Sources */ = {
			isa = PBXSourcesBuildPhase;
			buildActionMask = 2147483647;
			files = (
				639B467E201704EA003A423E /* ShaderUtils.m in Sources */,
				65F5DE382014AE7600489DEF /* YFXMatrix.m in Sources */,
				63BC6AA7202AEA4000D3E0D6 /* MenuView.m in Sources */,
				65B128BA20021A6700DB4CB4 /* ViewController.m in Sources */,
				63BC6AA3202AE5CF00D3E0D6 /* RootStyle.m in Sources */,
				65E6D37320289080003F46C2 /* YFResourceManager.m in Sources */,
				65B128F420021B0A00DB4CB4 /* YFX.m in Sources */,
				65C2A1C0201CC379004A4F62 /* YFXFlowerPowerDoubled.m in Sources */,
				65C2A1AC201C566B004A4F62 /* SphereGird.m in Sources */,
				65C2A1BA201CC130004A4F62 /* YFXHouseBounceView.m in Sources */,
				65C2A1B7201CB8D3004A4F62 /* YFXFireFly.m in Sources */,
				65C2A1C6201CC428004A4F62 /* YFXTwistedAlchemy.m in Sources */,
				65B128F520021B0A00DB4CB4 /* YFXSnow.m in Sources */,
				65B128F320021B0A00DB4CB4 /* UIColor+FX.m in Sources */,
				65C2A1CC201CC4D5004A4F62 /* YFXTherapy.m in Sources */,
				65C2A1B4201CB8B8004A4F62 /* YFXOctopus.m in Sources */,
				65FAA17C200B4C8800BEFAF8 /* TestViewController.m in Sources */,
				65B128C520021A6700DB4CB4 /* main.m in Sources */,
				65FAA176200B43E700BEFAF8 /* YFXFlyBubble.m in Sources */,
				65C2A1C3201CC3C1004A4F62 /* YFXPinCircleSwirl.m in Sources */,
				65344338201239C90091EDCF /* SphereView.m in Sources */,
				65FAA179200B4C6900BEFAF8 /* DemoViewController.m in Sources */,
				631742782011E85E0085DFE2 /* MovingViewController.m in Sources */,
				65B128B720021A6700DB4CB4 /* AppDelegate.m in Sources */,
				65C2A1C9201CC48E004A4F62 /* YFXLiquidJewel.m in Sources */,
				65ABCEB2202B3F7700967A3A /* YFXButton.m in Sources */,
				65DB5449200F85AC00F13399 /* AnimateViewController.m in Sources */,
				65E36BC2200A0E130053F984 /* DrawBoard.m in Sources */,
			);
			runOnlyForDeploymentPostprocessing = 0;
		};
		65B128C620021A6800DB4CB4 /* Sources */ = {
			isa = PBXSourcesBuildPhase;
			buildActionMask = 2147483647;
			files = (
				65B128CF20021A6800DB4CB4 /* izvisualFXTests.m in Sources */,
			);
			runOnlyForDeploymentPostprocessing = 0;
		};
		65B128D120021A6800DB4CB4 /* Sources */ = {
			isa = PBXSourcesBuildPhase;
			buildActionMask = 2147483647;
			files = (
				65B128DA20021A6800DB4CB4 /* izvisualFXUITests.m in Sources */,
			);
			runOnlyForDeploymentPostprocessing = 0;
		};
/* End PBXSourcesBuildPhase section */

/* Begin PBXTargetDependency section */
		65B128CC20021A6800DB4CB4 /* PBXTargetDependency */ = {
			isa = PBXTargetDependency;
			target = 65B128B120021A6700DB4CB4 /* izvisualFX */;
			targetProxy = 65B128CB20021A6800DB4CB4 /* PBXContainerItemProxy */;
		};
		65B128D720021A6800DB4CB4 /* PBXTargetDependency */ = {
			isa = PBXTargetDependency;
			target = 65B128B120021A6700DB4CB4 /* izvisualFX */;
			targetProxy = 65B128D620021A6800DB4CB4 /* PBXContainerItemProxy */;
		};
/* End PBXTargetDependency section */

/* Begin PBXVariantGroup section */
		65B128BB20021A6700DB4CB4 /* Main.storyboard */ = {
			isa = PBXVariantGroup;
			children = (
				65B128BC20021A6700DB4CB4 /* Base */,
			);
			name = Main.storyboard;
			sourceTree = "<group>";
		};
		65B128C020021A6700DB4CB4 /* LaunchScreen.storyboard */ = {
			isa = PBXVariantGroup;
			children = (
				65B128C120021A6700DB4CB4 /* Base */,
			);
			name = LaunchScreen.storyboard;
			sourceTree = "<group>";
		};
/* End PBXVariantGroup section */

/* Begin XCBuildConfiguration section */
		65B128DC20021A6800DB4CB4 /* Debug */ = {
			isa = XCBuildConfiguration;
			buildSettings = {
				ALWAYS_SEARCH_USER_PATHS = NO;
				CLANG_ANALYZER_NONNULL = YES;
				CLANG_ANALYZER_NUMBER_OBJECT_CONVERSION = YES_AGGRESSIVE;
				CLANG_CXX_LANGUAGE_STANDARD = "gnu++14";
				CLANG_CXX_LIBRARY = "libc++";
				CLANG_ENABLE_MODULES = YES;
				CLANG_ENABLE_OBJC_ARC = YES;
				CLANG_WARN_BLOCK_CAPTURE_AUTORELEASING = YES;
				CLANG_WARN_BOOL_CONVERSION = YES;
				CLANG_WARN_COMMA = YES;
				CLANG_WARN_CONSTANT_CONVERSION = YES;
				CLANG_WARN_DIRECT_OBJC_ISA_USAGE = YES_ERROR;
				CLANG_WARN_DOCUMENTATION_COMMENTS = YES;
				CLANG_WARN_EMPTY_BODY = YES;
				CLANG_WARN_ENUM_CONVERSION = YES;
				CLANG_WARN_INFINITE_RECURSION = YES;
				CLANG_WARN_INT_CONVERSION = YES;
				CLANG_WARN_NON_LITERAL_NULL_CONVERSION = YES;
				CLANG_WARN_OBJC_LITERAL_CONVERSION = YES;
				CLANG_WARN_OBJC_ROOT_CLASS = YES_ERROR;
				CLANG_WARN_RANGE_LOOP_ANALYSIS = YES;
				CLANG_WARN_STRICT_PROTOTYPES = YES;
				CLANG_WARN_SUSPICIOUS_MOVE = YES;
				CLANG_WARN_UNGUARDED_AVAILABILITY = YES_AGGRESSIVE;
				CLANG_WARN_UNREACHABLE_CODE = YES;
				CLANG_WARN__DUPLICATE_METHOD_MATCH = YES;
				CODE_SIGN_IDENTITY = "iPhone Developer";
				COPY_PHASE_STRIP = NO;
				DEBUG_INFORMATION_FORMAT = dwarf;
				ENABLE_STRICT_OBJC_MSGSEND = YES;
				ENABLE_TESTABILITY = YES;
				GCC_C_LANGUAGE_STANDARD = gnu11;
				GCC_DYNAMIC_NO_PIC = NO;
				GCC_NO_COMMON_BLOCKS = YES;
				GCC_OPTIMIZATION_LEVEL = 0;
				GCC_PREPROCESSOR_DEFINITIONS = (
					"DEBUG=1",
					"$(inherited)",
				);
				GCC_WARN_64_TO_32_BIT_CONVERSION = YES;
				GCC_WARN_ABOUT_RETURN_TYPE = YES_ERROR;
				GCC_WARN_UNDECLARED_SELECTOR = YES;
				GCC_WARN_UNINITIALIZED_AUTOS = YES_AGGRESSIVE;
				GCC_WARN_UNUSED_FUNCTION = YES;
				GCC_WARN_UNUSED_VARIABLE = YES;
				IPHONEOS_DEPLOYMENT_TARGET = 11.2;
				MTL_ENABLE_DEBUG_INFO = YES;
				ONLY_ACTIVE_ARCH = YES;
				SDKROOT = iphoneos;
			};
			name = Debug;
		};
		65B128DD20021A6800DB4CB4 /* Release */ = {
			isa = XCBuildConfiguration;
			buildSettings = {
				ALWAYS_SEARCH_USER_PATHS = NO;
				CLANG_ANALYZER_NONNULL = YES;
				CLANG_ANALYZER_NUMBER_OBJECT_CONVERSION = YES_AGGRESSIVE;
				CLANG_CXX_LANGUAGE_STANDARD = "gnu++14";
				CLANG_CXX_LIBRARY = "libc++";
				CLANG_ENABLE_MODULES = YES;
				CLANG_ENABLE_OBJC_ARC = YES;
				CLANG_WARN_BLOCK_CAPTURE_AUTORELEASING = YES;
				CLANG_WARN_BOOL_CONVERSION = YES;
				CLANG_WARN_COMMA = YES;
				CLANG_WARN_CONSTANT_CONVERSION = YES;
				CLANG_WARN_DIRECT_OBJC_ISA_USAGE = YES_ERROR;
				CLANG_WARN_DOCUMENTATION_COMMENTS = YES;
				CLANG_WARN_EMPTY_BODY = YES;
				CLANG_WARN_ENUM_CONVERSION = YES;
				CLANG_WARN_INFINITE_RECURSION = YES;
				CLANG_WARN_INT_CONVERSION = YES;
				CLANG_WARN_NON_LITERAL_NULL_CONVERSION = YES;
				CLANG_WARN_OBJC_LITERAL_CONVERSION = YES;
				CLANG_WARN_OBJC_ROOT_CLASS = YES_ERROR;
				CLANG_WARN_RANGE_LOOP_ANALYSIS = YES;
				CLANG_WARN_STRICT_PROTOTYPES = YES;
				CLANG_WARN_SUSPICIOUS_MOVE = YES;
				CLANG_WARN_UNGUARDED_AVAILABILITY = YES_AGGRESSIVE;
				CLANG_WARN_UNREACHABLE_CODE = YES;
				CLANG_WARN__DUPLICATE_METHOD_MATCH = YES;
				CODE_SIGN_IDENTITY = "iPhone Developer";
				COPY_PHASE_STRIP = NO;
				DEBUG_INFORMATION_FORMAT = "dwarf-with-dsym";
				ENABLE_NS_ASSERTIONS = NO;
				ENABLE_STRICT_OBJC_MSGSEND = YES;
				GCC_C_LANGUAGE_STANDARD = gnu11;
				GCC_NO_COMMON_BLOCKS = YES;
				GCC_WARN_64_TO_32_BIT_CONVERSION = YES;
				GCC_WARN_ABOUT_RETURN_TYPE = YES_ERROR;
				GCC_WARN_UNDECLARED_SELECTOR = YES;
				GCC_WARN_UNINITIALIZED_AUTOS = YES_AGGRESSIVE;
				GCC_WARN_UNUSED_FUNCTION = YES;
				GCC_WARN_UNUSED_VARIABLE = YES;
				IPHONEOS_DEPLOYMENT_TARGET = 11.2;
				MTL_ENABLE_DEBUG_INFO = NO;
				SDKROOT = iphoneos;
				VALIDATE_PRODUCT = YES;
			};
			name = Release;
		};
		65B128DF20021A6800DB4CB4 /* Debug */ = {
			isa = XCBuildConfiguration;
			buildSettings = {
				ASSETCATALOG_COMPILER_APPICON_NAME = AppIcon;
				ASSETCATALOG_COMPILER_LAUNCHIMAGE_NAME = LaunchImage;
				CODE_SIGN_STYLE = Automatic;
				DEVELOPMENT_TEAM = P895XB9XL7;
				INFOPLIST_FILE = izvisualFX/Info.plist;
				IPHONEOS_DEPLOYMENT_TARGET = 9.0;
				LD_RUNPATH_SEARCH_PATHS = "$(inherited) @executable_path/Frameworks";
				PRODUCT_BUNDLE_IDENTIFIER = com.gtoken.dev.izvisualFX;
				PRODUCT_NAME = "$(TARGET_NAME)";
				TARGETED_DEVICE_FAMILY = "1,2";
			};
			name = Debug;
		};
		65B128E020021A6800DB4CB4 /* Release */ = {
			isa = XCBuildConfiguration;
			buildSettings = {
				ASSETCATALOG_COMPILER_APPICON_NAME = AppIcon;
				ASSETCATALOG_COMPILER_LAUNCHIMAGE_NAME = LaunchImage;
				CODE_SIGN_STYLE = Automatic;
				DEVELOPMENT_TEAM = P895XB9XL7;
				INFOPLIST_FILE = izvisualFX/Info.plist;
				IPHONEOS_DEPLOYMENT_TARGET = 9.0;
				LD_RUNPATH_SEARCH_PATHS = "$(inherited) @executable_path/Frameworks";
				PRODUCT_BUNDLE_IDENTIFIER = com.gtoken.dev.izvisualFX;
				PRODUCT_NAME = "$(TARGET_NAME)";
				TARGETED_DEVICE_FAMILY = "1,2";
			};
			name = Release;
		};
		65B128E220021A6800DB4CB4 /* Debug */ = {
			isa = XCBuildConfiguration;
			buildSettings = {
				BUNDLE_LOADER = "$(TEST_HOST)";
				CODE_SIGN_STYLE = Automatic;
				INFOPLIST_FILE = izvisualFXTests/Info.plist;
				LD_RUNPATH_SEARCH_PATHS = "$(inherited) @executable_path/Frameworks @loader_path/Frameworks";
				PRODUCT_BUNDLE_IDENTIFIER = com.izvisual.toolkit.izvisualFXTests;
				PRODUCT_NAME = "$(TARGET_NAME)";
				TARGETED_DEVICE_FAMILY = "1,2";
				TEST_HOST = "$(BUILT_PRODUCTS_DIR)/izvisualFX.app/izvisualFX";
			};
			name = Debug;
		};
		65B128E320021A6800DB4CB4 /* Release */ = {
			isa = XCBuildConfiguration;
			buildSettings = {
				BUNDLE_LOADER = "$(TEST_HOST)";
				CODE_SIGN_STYLE = Automatic;
				INFOPLIST_FILE = izvisualFXTests/Info.plist;
				LD_RUNPATH_SEARCH_PATHS = "$(inherited) @executable_path/Frameworks @loader_path/Frameworks";
				PRODUCT_BUNDLE_IDENTIFIER = com.izvisual.toolkit.izvisualFXTests;
				PRODUCT_NAME = "$(TARGET_NAME)";
				TARGETED_DEVICE_FAMILY = "1,2";
				TEST_HOST = "$(BUILT_PRODUCTS_DIR)/izvisualFX.app/izvisualFX";
			};
			name = Release;
		};
		65B128E520021A6800DB4CB4 /* Debug */ = {
			isa = XCBuildConfiguration;
			buildSettings = {
				CODE_SIGN_STYLE = Automatic;
				INFOPLIST_FILE = izvisualFXUITests/Info.plist;
				LD_RUNPATH_SEARCH_PATHS = "$(inherited) @executable_path/Frameworks @loader_path/Frameworks";
				PRODUCT_BUNDLE_IDENTIFIER = com.izvisual.toolkit.izvisualFXUITests;
				PRODUCT_NAME = "$(TARGET_NAME)";
				TARGETED_DEVICE_FAMILY = "1,2";
				TEST_TARGET_NAME = izvisualFX;
			};
			name = Debug;
		};
		65B128E620021A6800DB4CB4 /* Release */ = {
			isa = XCBuildConfiguration;
			buildSettings = {
				CODE_SIGN_STYLE = Automatic;
				INFOPLIST_FILE = izvisualFXUITests/Info.plist;
				LD_RUNPATH_SEARCH_PATHS = "$(inherited) @executable_path/Frameworks @loader_path/Frameworks";
				PRODUCT_BUNDLE_IDENTIFIER = com.izvisual.toolkit.izvisualFXUITests;
				PRODUCT_NAME = "$(TARGET_NAME)";
				TARGETED_DEVICE_FAMILY = "1,2";
				TEST_TARGET_NAME = izvisualFX;
			};
			name = Release;
		};
/* End XCBuildConfiguration section */

/* Begin XCConfigurationList section */
		65B128AD20021A6700DB4CB4 /* Build configuration list for PBXProject "izvisualFX" */ = {
			isa = XCConfigurationList;
			buildConfigurations = (
				65B128DC20021A6800DB4CB4 /* Debug */,
				65B128DD20021A6800DB4CB4 /* Release */,
			);
			defaultConfigurationIsVisible = 0;
			defaultConfigurationName = Release;
		};
		65B128DE20021A6800DB4CB4 /* Build configuration list for PBXNativeTarget "izvisualFX" */ = {
			isa = XCConfigurationList;
			buildConfigurations = (
				65B128DF20021A6800DB4CB4 /* Debug */,
				65B128E020021A6800DB4CB4 /* Release */,
			);
			defaultConfigurationIsVisible = 0;
			defaultConfigurationName = Release;
		};
		65B128E120021A6800DB4CB4 /* Build configuration list for PBXNativeTarget "izvisualFXTests" */ = {
			isa = XCConfigurationList;
			buildConfigurations = (
				65B128E220021A6800DB4CB4 /* Debug */,
				65B128E320021A6800DB4CB4 /* Release */,
			);
			defaultConfigurationIsVisible = 0;
			defaultConfigurationName = Release;
		};
		65B128E420021A6800DB4CB4 /* Build configuration list for PBXNativeTarget "izvisualFXUITests" */ = {
			isa = XCConfigurationList;
			buildConfigurations = (
				65B128E520021A6800DB4CB4 /* Debug */,
				65B128E620021A6800DB4CB4 /* Release */,
			);
			defaultConfigurationIsVisible = 0;
			defaultConfigurationName = Release;
		};
/* End XCConfigurationList section */
	};
	rootObject = 65B128AA20021A6700DB4CB4 /* Project object */;
}
